{
  "pins" : [
    {
      "identity" : "sebbu-bitstream",
      "kind" : "remoteSourceControl",
      "location" : "https://github.com/MarSe32m/sebbu-bitstream.git",
      "state" : {
        "branch" : "main",
        "revision" : "ae20db5f12c1b4372e15e902240ba32fd83286ee"
      }
    },
    {
      "identity" : "swift-syntax",
      "kind" : "remoteSourceControl",
      "location" : "https://github.com/apple/swift-syntax.git",
      "state" : {
        "revision" : "74203046135342e4a4a627476dd6caf8b28fe11b",
        "version" : "509.0.0"
      }
    }
  ],
  "version" : 2
}
