{
  "pins" : [
    {
      "identity" : "sebbu-bitstream",
      "kind" : "remoteSourceControl",
      "location" : "https://github.com/MarSe32m/sebbu-bitstream.git",
      "state" : {
        "branch" : "main",
        "revision" : "381ef78a200ab11356f0b8a637943d199a0f771b"
      }
    },
    {
      "identity" : "swift-syntax",
      "kind" : "remoteSourceControl",
      "location" : "https://github.com/apple/swift-syntax.git",
      "state" : {
        "revision" : "67c5007099d9ffdd292f421f81f4efe5ee42963e",
        "version" : "509.0.0-swift-DEVELOPMENT-SNAPSHOT-2023-07-10-a"
      }
    }
  ],
  "version" : 2
}
