{
  "pins" : [
    {
      "identity" : "sebbu-bitstream",
      "kind" : "remoteSourceControl",
      "location" : "https://github.com/MarSe32m/sebbu-bitstream.git",
      "state" : {
        "branch" : "main",
        "revision" : "ae20db5f12c1b4372e15e902240ba32fd83286ee"
      }
    },
    {
      "identity" : "swift-syntax",
      "kind" : "remoteSourceControl",
      "location" : "https://github.com/apple/swift-syntax.git",
      "state" : {
        "revision" : "e42bece52df2496d60b1b2a762fee9ffde7fc205",
        "version" : "509.0.0-swift-DEVELOPMENT-SNAPSHOT-2023-08-07-a"
      }
    }
  ],
  "version" : 2
}
